// !$*UTF8*$!
{
	archiveVersion = 1;
	classes = {
	};
	objectVersion = 48;
	objects = {

/* Begin PBXBuildFile section */
		68687039203EDC6500C901A1 /* AppDelegate.swift in Sources */ = {isa = PBXBuildFile; fileRef = 68687038203EDC6500C901A1 /* AppDelegate.swift */; };
		6868703B203EDC6500C901A1 /* ViewController.swift in Sources */ = {isa = PBXBuildFile; fileRef = 6868703A203EDC6500C901A1 /* ViewController.swift */; };
		6868703E203EDC6500C901A1 /* Main.storyboard in Resources */ = {isa = PBXBuildFile; fileRef = 6868703C203EDC6500C901A1 /* Main.storyboard */; };
		68687040203EDC6500C901A1 /* Assets.xcassets in Resources */ = {isa = PBXBuildFile; fileRef = 6868703F203EDC6500C901A1 /* Assets.xcassets */; };
		68687043203EDC6500C901A1 /* LaunchScreen.storyboard in Resources */ = {isa = PBXBuildFile; fileRef = 68687041203EDC6500C901A1 /* LaunchScreen.storyboard */; };
		6868704E203EDC6500C901A1 /* mediaPlayer2Tests.swift in Sources */ = {isa = PBXBuildFile; fileRef = 6868704D203EDC6500C901A1 /* mediaPlayer2Tests.swift */; };
		68687059203EDC6500C901A1 /* mediaPlayer2UITests.swift in Sources */ = {isa = PBXBuildFile; fileRef = 68687058203EDC6500C901A1 /* mediaPlayer2UITests.swift */; };
		6868706B203EE00000C901A1 /* AudioToolbox.framework in Frameworks */ = {isa = PBXBuildFile; fileRef = 68687067203EDCA100C901A1 /* AudioToolbox.framework */; };
		6868706C203EE00500C901A1 /* AVFoundation.framework in Frameworks */ = {isa = PBXBuildFile; fileRef = 68687069203EDCAA00C901A1 /* AVFoundation.framework */; };
		6868706E203EE00900C901A1 /* AVKit.framework in Frameworks */ = {isa = PBXBuildFile; fileRef = 6868706D203EE00900C901A1 /* AVKit.framework */; };
/* End PBXBuildFile section */

/* Begin PBXContainerItemProxy section */
		6868704A203EDC6500C901A1 /* PBXContainerItemProxy */ = {
			isa = PBXContainerItemProxy;
			containerPortal = 6868702D203EDC6500C901A1 /* Project object */;
			proxyType = 1;
			remoteGlobalIDString = 68687034203EDC6500C901A1;
			remoteInfo = mediaPlayer2;
		};
		68687055203EDC6500C901A1 /* PBXContainerItemProxy */ = {
			isa = PBXContainerItemProxy;
			containerPortal = 6868702D203EDC6500C901A1 /* Project object */;
			proxyType = 1;
			remoteGlobalIDString = 68687034203EDC6500C901A1;
			remoteInfo = mediaPlayer2;
		};
/* End PBXContainerItemProxy section */

/* Begin PBXFileReference section */
		68687035203EDC6500C901A1 /* mediaPlayer2.app */ = {isa = PBXFileReference; explicitFileType = wrapper.application; includeInIndex = 0; path = mediaPlayer2.app; sourceTree = BUILT_PRODUCTS_DIR; };
		68687038203EDC6500C901A1 /* AppDelegate.swift */ = {isa = PBXFileReference; lastKnownFileType = sourcecode.swift; path = AppDelegate.swift; sourceTree = "<group>"; };
		6868703A203EDC6500C901A1 /* ViewController.swift */ = {isa = PBXFileReference; lastKnownFileType = sourcecode.swift; path = ViewController.swift; sourceTree = "<group>"; };
		6868703D203EDC6500C901A1 /* Base */ = {isa = PBXFileReference; lastKnownFileType = file.storyboard; name = Base; path = Base.lproj/Main.storyboard; sourceTree = "<group>"; };
		6868703F203EDC6500C901A1 /* Assets.xcassets */ = {isa = PBXFileReference; lastKnownFileType = folder.assetcatalog; path = Assets.xcassets; sourceTree = "<group>"; };
		68687042203EDC6500C901A1 /* Base */ = {isa = PBXFileReference; lastKnownFileType = file.storyboard; name = Base; path = Base.lproj/LaunchScreen.storyboard; sourceTree = "<group>"; };
		68687044203EDC6500C901A1 /* Info.plist */ = {isa = PBXFileReference; lastKnownFileType = text.plist.xml; path = Info.plist; sourceTree = "<group>"; };
		68687049203EDC6500C901A1 /* mediaPlayer2Tests.xctest */ = {isa = PBXFileReference; explicitFileType = wrapper.cfbundle; includeInIndex = 0; path = mediaPlayer2Tests.xctest; sourceTree = BUILT_PRODUCTS_DIR; };
		6868704D203EDC6500C901A1 /* mediaPlayer2Tests.swift */ = {isa = PBXFileReference; lastKnownFileType = sourcecode.swift; path = mediaPlayer2Tests.swift; sourceTree = "<group>"; };
		6868704F203EDC6500C901A1 /* Info.plist */ = {isa = PBXFileReference; lastKnownFileType = text.plist.xml; path = Info.plist; sourceTree = "<group>"; };
		68687054203EDC6500C901A1 /* mediaPlayer2UITests.xctest */ = {isa = PBXFileReference; explicitFileType = wrapper.cfbundle; includeInIndex = 0; path = mediaPlayer2UITests.xctest; sourceTree = BUILT_PRODUCTS_DIR; };
		68687058203EDC6500C901A1 /* mediaPlayer2UITests.swift */ = {isa = PBXFileReference; lastKnownFileType = sourcecode.swift; path = mediaPlayer2UITests.swift; sourceTree = "<group>"; };
		6868705A203EDC6500C901A1 /* Info.plist */ = {isa = PBXFileReference; lastKnownFileType = text.plist.xml; path = Info.plist; sourceTree = "<group>"; };
		68687067203EDCA100C901A1 /* AudioToolbox.framework */ = {isa = PBXFileReference; lastKnownFileType = wrapper.framework; name = AudioToolbox.framework; path = System/Library/Frameworks/AudioToolbox.framework; sourceTree = SDKROOT; };
		68687069203EDCAA00C901A1 /* AVFoundation.framework */ = {isa = PBXFileReference; lastKnownFileType = wrapper.framework; name = AVFoundation.framework; path = System/Library/Frameworks/AVFoundation.framework; sourceTree = SDKROOT; };
		6868706D203EE00900C901A1 /* AVKit.framework */ = {isa = PBXFileReference; lastKnownFileType = wrapper.framework; name = AVKit.framework; path = System/Library/Frameworks/AVKit.framework; sourceTree = SDKROOT; };
/* End PBXFileReference section */

/* Begin PBXFrameworksBuildPhase section */
		68687032203EDC6500C901A1 /* Frameworks */ = {
			isa = PBXFrameworksBuildPhase;
			buildActionMask = 2147483647;
			files = (
				6868706E203EE00900C901A1 /* AVKit.framework in Frameworks */,
				6868706C203EE00500C901A1 /* AVFoundation.framework in Frameworks */,
				6868706B203EE00000C901A1 /* AudioToolbox.framework in Frameworks */,
			);
			runOnlyForDeploymentPostprocessing = 0;
		};
		68687046203EDC6500C901A1 /* Frameworks */ = {
			isa = PBXFrameworksBuildPhase;
			buildActionMask = 2147483647;
			files = (
			);
			runOnlyForDeploymentPostprocessing = 0;
		};
		68687051203EDC6500C901A1 /* Frameworks */ = {
			isa = PBXFrameworksBuildPhase;
			buildActionMask = 2147483647;
			files = (
			);
			runOnlyForDeploymentPostprocessing = 0;
		};
/* End PBXFrameworksBuildPhase section */

/* Begin PBXGroup section */
		6868702C203EDC6500C901A1 = {
			isa = PBXGroup;
			children = (
				68687037203EDC6500C901A1 /* mediaPlayer2 */,
				6868704C203EDC6500C901A1 /* mediaPlayer2Tests */,
				68687057203EDC6500C901A1 /* mediaPlayer2UITests */,
				68687036203EDC6500C901A1 /* Products */,
				68687066203EDCA100C901A1 /* Frameworks */,
			);
			sourceTree = "<group>";
		};
		68687036203EDC6500C901A1 /* Products */ = {
			isa = PBXGroup;
			children = (
				68687035203EDC6500C901A1 /* mediaPlayer2.app */,
				68687049203EDC6500C901A1 /* mediaPlayer2Tests.xctest */,
				68687054203EDC6500C901A1 /* mediaPlayer2UITests.xctest */,
			);
			name = Products;
			sourceTree = "<group>";
		};
		68687037203EDC6500C901A1 /* mediaPlayer2 */ = {
			isa = PBXGroup;
			children = (
				68687038203EDC6500C901A1 /* AppDelegate.swift */,
				6868703A203EDC6500C901A1 /* ViewController.swift */,
				6868703C203EDC6500C901A1 /* Main.storyboard */,
				6868703F203EDC6500C901A1 /* Assets.xcassets */,
				68687041203EDC6500C901A1 /* LaunchScreen.storyboard */,
				68687044203EDC6500C901A1 /* Info.plist */,
			);
			path = mediaPlayer2;
			sourceTree = "<group>";
		};
		6868704C203EDC6500C901A1 /* mediaPlayer2Tests */ = {
			isa = PBXGroup;
			children = (
				6868704D203EDC6500C901A1 /* mediaPlayer2Tests.swift */,
				6868704F203EDC6500C901A1 /* Info.plist */,
			);
			path = mediaPlayer2Tests;
			sourceTree = "<group>";
		};
		68687057203EDC6500C901A1 /* mediaPlayer2UITests */ = {
			isa = PBXGroup;
			children = (
				68687058203EDC6500C901A1 /* mediaPlayer2UITests.swift */,
				6868705A203EDC6500C901A1 /* Info.plist */,
			);
			path = mediaPlayer2UITests;
			sourceTree = "<group>";
		};
		68687066203EDCA100C901A1 /* Frameworks */ = {
			isa = PBXGroup;
			children = (
				6868706D203EE00900C901A1 /* AVKit.framework */,
				68687069203EDCAA00C901A1 /* AVFoundation.framework */,
				68687067203EDCA100C901A1 /* AudioToolbox.framework */,
			);
			name = Frameworks;
			sourceTree = "<group>";
		};
/* End PBXGroup section */

/* Begin PBXNativeTarget section */
		68687034203EDC6500C901A1 /* mediaPlayer2 */ = {
			isa = PBXNativeTarget;
			buildConfigurationList = 6868705D203EDC6500C901A1 /* Build configuration list for PBXNativeTarget "mediaPlayer2" */;
			buildPhases = (
				68687031203EDC6500C901A1 /* Sources */,
				68687032203EDC6500C901A1 /* Frameworks */,
				68687033203EDC6500C901A1 /* Resources */,
			);
			buildRules = (
			);
			dependencies = (
			);
			name = mediaPlayer2;
			productName = mediaPlayer2;
			productReference = 68687035203EDC6500C901A1 /* mediaPlayer2.app */;
			productType = "com.apple.product-type.application";
		};
		68687048203EDC6500C901A1 /* mediaPlayer2Tests */ = {
			isa = PBXNativeTarget;
			buildConfigurationList = 68687060203EDC6500C901A1 /* Build configuration list for PBXNativeTarget "mediaPlayer2Tests" */;
			buildPhases = (
				68687045203EDC6500C901A1 /* Sources */,
				68687046203EDC6500C901A1 /* Frameworks */,
				68687047203EDC6500C901A1 /* Resources */,
			);
			buildRules = (
			);
			dependencies = (
				6868704B203EDC6500C901A1 /* PBXTargetDependency */,
			);
			name = mediaPlayer2Tests;
			productName = mediaPlayer2Tests;
			productReference = 68687049203EDC6500C901A1 /* mediaPlayer2Tests.xctest */;
			productType = "com.apple.product-type.bundle.unit-test";
		};
		68687053203EDC6500C901A1 /* mediaPlayer2UITests */ = {
			isa = PBXNativeTarget;
			buildConfigurationList = 68687063203EDC6500C901A1 /* Build configuration list for PBXNativeTarget "mediaPlayer2UITests" */;
			buildPhases = (
				68687050203EDC6500C901A1 /* Sources */,
				68687051203EDC6500C901A1 /* Frameworks */,
				68687052203EDC6500C901A1 /* Resources */,
			);
			buildRules = (
			);
			dependencies = (
				68687056203EDC6500C901A1 /* PBXTargetDependency */,
			);
			name = mediaPlayer2UITests;
			productName = mediaPlayer2UITests;
			productReference = 68687054203EDC6500C901A1 /* mediaPlayer2UITests.xctest */;
			productType = "com.apple.product-type.bundle.ui-testing";
		};
/* End PBXNativeTarget section */

/* Begin PBXProject section */
		6868702D203EDC6500C901A1 /* Project object */ = {
			isa = PBXProject;
			attributes = {
				LastSwiftUpdateCheck = 0920;
				LastUpgradeCheck = 0920;
				ORGANIZATIONNAME = MyCompany;
				TargetAttributes = {
					68687034203EDC6500C901A1 = {
						CreatedOnToolsVersion = 9.2;
						ProvisioningStyle = Automatic;
					};
					68687048203EDC6500C901A1 = {
						CreatedOnToolsVersion = 9.2;
						ProvisioningStyle = Automatic;
						TestTargetID = 68687034203EDC6500C901A1;
					};
					68687053203EDC6500C901A1 = {
						CreatedOnToolsVersion = 9.2;
						ProvisioningStyle = Automatic;
						TestTargetID = 68687034203EDC6500C901A1;
					};
				};
			};
			buildConfigurationList = 68687030203EDC6500C901A1 /* Build configuration list for PBXProject "mediaPlayer2" */;
			compatibilityVersion = "Xcode 8.0";
			developmentRegion = en;
			hasScannedForEncodings = 0;
			knownRegions = (
				en,
				Base,
			);
			mainGroup = 6868702C203EDC6500C901A1;
			productRefGroup = 68687036203EDC6500C901A1 /* Products */;
			projectDirPath = "";
			projectRoot = "";
			targets = (
				68687034203EDC6500C901A1 /* mediaPlayer2 */,
				68687048203EDC6500C901A1 /* mediaPlayer2Tests */,
				68687053203EDC6500C901A1 /* mediaPlayer2UITests */,
			);
		};
/* End PBXProject section */

/* Begin PBXResourcesBuildPhase section */
		68687033203EDC6500C901A1 /* Resources */ = {
			isa = PBXResourcesBuildPhase;
			buildActionMask = 2147483647;
			files = (
				68687043203EDC6500C901A1 /* LaunchScreen.storyboard in Resources */,
				68687040203EDC6500C901A1 /* Assets.xcassets in Resources */,
				6868703E203EDC6500C901A1 /* Main.storyboard in Resources */,
			);
			runOnlyForDeploymentPostprocessing = 0;
		};
		68687047203EDC6500C901A1 /* Resources */ = {
			isa = PBXResourcesBuildPhase;
			buildActionMask = 2147483647;
			files = (
			);
			runOnlyForDeploymentPostprocessing = 0;
		};
		68687052203EDC6500C901A1 /* Resources */ = {
			isa = PBXResourcesBuildPhase;
			buildActionMask = 2147483647;
			files = (
			);
			runOnlyForDeploymentPostprocessing = 0;
		};
/* End PBXResourcesBuildPhase section */

/* Begin PBXSourcesBuildPhase section */
		68687031203EDC6500C901A1 /* Sources */ = {
			isa = PBXSourcesBuildPhase;
			buildActionMask = 2147483647;
			files = (
				6868703B203EDC6500C901A1 /* ViewController.swift in Sources */,
				68687039203EDC6500C901A1 /* AppDelegate.swift in Sources */,
			);
			runOnlyForDeploymentPostprocessing = 0;
		};
		68687045203EDC6500C901A1 /* Sources */ = {
			isa = PBXSourcesBuildPhase;
			buildActionMask = 2147483647;
			files = (
				6868704E203EDC6500C901A1 /* mediaPlayer2Tests.swift in Sources */,
			);
			runOnlyForDeploymentPostprocessing = 0;
		};
		68687050203EDC6500C901A1 /* Sources */ = {
			isa = PBXSourcesBuildPhase;
			buildActionMask = 2147483647;
			files = (
				68687059203EDC6500C901A1 /* mediaPlayer2UITests.swift in Sources */,
			);
			runOnlyForDeploymentPostprocessing = 0;
		};
/* End PBXSourcesBuildPhase section */

/* Begin PBXTargetDependency section */
		6868704B203EDC6500C901A1 /* PBXTargetDependency */ = {
			isa = PBXTargetDependency;
			target = 68687034203EDC6500C901A1 /* mediaPlayer2 */;
			targetProxy = 6868704A203EDC6500C901A1 /* PBXContainerItemProxy */;
		};
		68687056203EDC6500C901A1 /* PBXTargetDependency */ = {
			isa = PBXTargetDependency;
			target = 68687034203EDC6500C901A1 /* mediaPlayer2 */;
			targetProxy = 68687055203EDC6500C901A1 /* PBXContainerItemProxy */;
		};
/* End PBXTargetDependency section */

/* Begin PBXVariantGroup section */
		6868703C203EDC6500C901A1 /* Main.storyboard */ = {
			isa = PBXVariantGroup;
			children = (
				6868703D203EDC6500C901A1 /* Base */,
			);
			name = Main.storyboard;
			sourceTree = "<group>";
		};
		68687041203EDC6500C901A1 /* LaunchScreen.storyboard */ = {
			isa = PBXVariantGroup;
			children = (
				68687042203EDC6500C901A1 /* Base */,
			);
			name = LaunchScreen.storyboard;
			sourceTree = "<group>";
		};
/* End PBXVariantGroup section */

/* Begin XCBuildConfiguration section */
		6868705B203EDC6500C901A1 /* Debug */ = {
			isa = XCBuildConfiguration;
			buildSettings = {
				ALWAYS_SEARCH_USER_PATHS = NO;
				CLANG_ANALYZER_NONNULL = YES;
				CLANG_ANALYZER_NUMBER_OBJECT_CONVERSION = YES_AGGRESSIVE;
				CLANG_CXX_LANGUAGE_STANDARD = "gnu++14";
				CLANG_CXX_LIBRARY = "libc++";
				CLANG_ENABLE_MODULES = YES;
				CLANG_ENABLE_OBJC_ARC = YES;
				CLANG_WARN_BLOCK_CAPTURE_AUTORELEASING = YES;
				CLANG_WARN_BOOL_CONVERSION = YES;
				CLANG_WARN_COMMA = YES;
				CLANG_WARN_CONSTANT_CONVERSION = YES;
				CLANG_WARN_DIRECT_OBJC_ISA_USAGE = YES_ERROR;
				CLANG_WARN_DOCUMENTATION_COMMENTS = YES;
				CLANG_WARN_EMPTY_BODY = YES;
				CLANG_WARN_ENUM_CONVERSION = YES;
				CLANG_WARN_INFINITE_RECURSION = YES;
				CLANG_WARN_INT_CONVERSION = YES;
				CLANG_WARN_NON_LITERAL_NULL_CONVERSION = YES;
				CLANG_WARN_OBJC_LITERAL_CONVERSION = YES;
				CLANG_WARN_OBJC_ROOT_CLASS = YES_ERROR;
				CLANG_WARN_RANGE_LOOP_ANALYSIS = YES;
				CLANG_WARN_STRICT_PROTOTYPES = YES;
				CLANG_WARN_SUSPICIOUS_MOVE = YES;
				CLANG_WARN_UNGUARDED_AVAILABILITY = YES_AGGRESSIVE;
				CLANG_WARN_UNREACHABLE_CODE = YES;
				CLANG_WARN__DUPLICATE_METHOD_MATCH = YES;
				CODE_SIGN_IDENTITY = "iPhone Developer";
				COPY_PHASE_STRIP = NO;
				DEBUG_INFORMATION_FORMAT = dwarf;
				ENABLE_STRICT_OBJC_MSGSEND = YES;
				ENABLE_TESTABILITY = YES;
				GCC_C_LANGUAGE_STANDARD = gnu11;
				GCC_DYNAMIC_NO_PIC = NO;
				GCC_NO_COMMON_BLOCKS = YES;
				GCC_OPTIMIZATION_LEVEL = 0;
				GCC_PREPROCESSOR_DEFINITIONS = (
					"DEBUG=1",
					"$(inherited)",
				);
				GCC_WARN_64_TO_32_BIT_CONVERSION = YES;
				GCC_WARN_ABOUT_RETURN_TYPE = YES_ERROR;
				GCC_WARN_UNDECLARED_SELECTOR = YES;
				GCC_WARN_UNINITIALIZED_AUTOS = YES_AGGRESSIVE;
				GCC_WARN_UNUSED_FUNCTION = YES;
				GCC_WARN_UNUSED_VARIABLE = YES;
				IPHONEOS_DEPLOYMENT_TARGET = 11.2;
				MTL_ENABLE_DEBUG_INFO = YES;
				ONLY_ACTIVE_ARCH = YES;
				SDKROOT = iphoneos;
				SWIFT_ACTIVE_COMPILATION_CONDITIONS = DEBUG;
				SWIFT_OPTIMIZATION_LEVEL = "-Onone";
			};
			name = Debug;
		};
		6868705C203EDC6500C901A1 /* Release */ = {
			isa = XCBuildConfiguration;
			buildSettings = {
				ALWAYS_SEARCH_USER_PATHS = NO;
				CLANG_ANALYZER_NONNULL = YES;
				CLANG_ANALYZER_NUMBER_OBJECT_CONVERSION = YES_AGGRESSIVE;
				CLANG_CXX_LANGUAGE_STANDARD = "gnu++14";
				CLANG_CXX_LIBRARY = "libc++";
				CLANG_ENABLE_MODULES = YES;
				CLANG_ENABLE_OBJC_ARC = YES;
				CLANG_WARN_BLOCK_CAPTURE_AUTORELEASING = YES;
				CLANG_WARN_BOOL_CONVERSION = YES;
				CLANG_WARN_COMMA = YES;
				CLANG_WARN_CONSTANT_CONVERSION = YES;
				CLANG_WARN_DIRECT_OBJC_ISA_USAGE = YES_ERROR;
				CLANG_WARN_DOCUMENTATION_COMMENTS = YES;
				CLANG_WARN_EMPTY_BODY = YES;
				CLANG_WARN_ENUM_CONVERSION = YES;
				CLANG_WARN_INFINITE_RECURSION = YES;
				CLANG_WARN_INT_CONVERSION = YES;
				CLANG_WARN_NON_LITERAL_NULL_CONVERSION = YES;
				CLANG_WARN_OBJC_LITERAL_CONVERSION = YES;
				CLANG_WARN_OBJC_ROOT_CLASS = YES_ERROR;
				CLANG_WARN_RANGE_LOOP_ANALYSIS = YES;
				CLANG_WARN_STRICT_PROTOTYPES = YES;
				CLANG_WARN_SUSPICIOUS_MOVE = YES;
				CLANG_WARN_UNGUARDED_AVAILABILITY = YES_AGGRESSIVE;
				CLANG_WARN_UNREACHABLE_CODE = YES;
				CLANG_WARN__DUPLICATE_METHOD_MATCH = YES;
				CODE_SIGN_IDENTITY = "iPhone Developer";
				COPY_PHASE_STRIP = NO;
				DEBUG_INFORMATION_FORMAT = "dwarf-with-dsym";
				ENABLE_NS_ASSERTIONS = NO;
				ENABLE_STRICT_OBJC_MSGSEND = YES;
				GCC_C_LANGUAGE_STANDARD = gnu11;
				GCC_NO_COMMON_BLOCKS = YES;
				GCC_WARN_64_TO_32_BIT_CONVERSION = YES;
				GCC_WARN_ABOUT_RETURN_TYPE = YES_ERROR;
				GCC_WARN_UNDECLARED_SELECTOR = YES;
				GCC_WARN_UNINITIALIZED_AUTOS = YES_AGGRESSIVE;
				GCC_WARN_UNUSED_FUNCTION = YES;
				GCC_WARN_UNUSED_VARIABLE = YES;
				IPHONEOS_DEPLOYMENT_TARGET = 11.2;
				MTL_ENABLE_DEBUG_INFO = NO;
				SDKROOT = iphoneos;
				SWIFT_OPTIMIZATION_LEVEL = "-Owholemodule";
				VALIDATE_PRODUCT = YES;
			};
			name = Release;
		};
		6868705E203EDC6500C901A1 /* Debug */ = {
			isa = XCBuildConfiguration;
			buildSettings = {
				ASSETCATALOG_COMPILER_APPICON_NAME = AppIcon;
				CODE_SIGN_STYLE = Automatic;
				INFOPLIST_FILE = mediaPlayer2/Info.plist;
				LD_RUNPATH_SEARCH_PATHS = "$(inherited) @executable_path/Frameworks";
				PRODUCT_BUNDLE_IDENTIFIER = com.mycompany.myapp.mediaPlayer2;
				PRODUCT_NAME = "$(TARGET_NAME)";
				SWIFT_VERSION = 4.0;
				TARGETED_DEVICE_FAMILY = "1,2";
			};
			name = Debug;
		};
		6868705F203EDC6500C901A1 /* Release */ = {
			isa = XCBuildConfiguration;
			buildSettings = {
				ASSETCATALOG_COMPILER_APPICON_NAME = AppIcon;
				CODE_SIGN_STYLE = Automatic;
				INFOPLIST_FILE = mediaPlayer2/Info.plist;
				LD_RUNPATH_SEARCH_PATHS = "$(inherited) @executable_path/Frameworks";
				PRODUCT_BUNDLE_IDENTIFIER = com.mycompany.myapp.mediaPlayer2;
				PRODUCT_NAME = "$(TARGET_NAME)";
				SWIFT_VERSION = 4.0;
				TARGETED_DEVICE_FAMILY = "1,2";
			};
			name = Release;
		};
		68687061203EDC6500C901A1 /* Debug */ = {
			isa = XCBuildConfiguration;
			buildSettings = {
				ALWAYS_EMBED_SWIFT_STANDARD_LIBRARIES = YES;
				BUNDLE_LOADER = "$(TEST_HOST)";
				CODE_SIGN_STYLE = Automatic;
				INFOPLIST_FILE = mediaPlayer2Tests/Info.plist;
				LD_RUNPATH_SEARCH_PATHS = "$(inherited) @executable_path/Frameworks @loader_path/Frameworks";
				PRODUCT_BUNDLE_IDENTIFIER = com.mycompany.myapp.mediaPlayer2Tests;
				PRODUCT_NAME = "$(TARGET_NAME)";
				SWIFT_VERSION = 4.0;
				TARGETED_DEVICE_FAMILY = "1,2";
				TEST_HOST = "$(BUILT_PRODUCTS_DIR)/mediaPlayer2.app/mediaPlayer2";
			};
			name = Debug;
		};
		68687062203EDC6500C901A1 /* Release */ = {
			isa = XCBuildConfiguration;
			buildSettings = {
				ALWAYS_EMBED_SWIFT_STANDARD_LIBRARIES = YES;
				BUNDLE_LOADER = "$(TEST_HOST)";
				CODE_SIGN_STYLE = Automatic;
				INFOPLIST_FILE = mediaPlayer2Tests/Info.plist;
				LD_RUNPATH_SEARCH_PATHS = "$(inherited) @executable_path/Frameworks @loader_path/Frameworks";
				PRODUCT_BUNDLE_IDENTIFIER = com.mycompany.myapp.mediaPlayer2Tests;
				PRODUCT_NAME = "$(TARGET_NAME)";
				SWIFT_VERSION = 4.0;
				TARGETED_DEVICE_FAMILY = "1,2";
				TEST_HOST = "$(BUILT_PRODUCTS_DIR)/mediaPlayer2.app/mediaPlayer2";
			};
			name = Release;
		};
		68687064203EDC6500C901A1 /* Debug */ = {
			isa = XCBuildConfiguration;
			buildSettings = {
				ALWAYS_EMBED_SWIFT_STANDARD_LIBRARIES = YES;
				CODE_SIGN_STYLE = Automatic;
				INFOPLIST_FILE = mediaPlayer2UITests/Info.plist;
				LD_RUNPATH_SEARCH_PATHS = "$(inherited) @executable_path/Frameworks @loader_path/Frameworks";
				PRODUCT_BUNDLE_IDENTIFIER = com.mycompany.myapp.mediaPlayer2UITests;
				PRODUCT_NAME = "$(TARGET_NAME)";
				SWIFT_VERSION = 4.0;
				TARGETED_DEVICE_FAMILY = "1,2";
				TEST_TARGET_NAME = mediaPlayer2;
			};
			name = Debug;
		};
		68687065203EDC6500C901A1 /* Release */ = {
			isa = XCBuildConfiguration;
			buildSettings = {
				ALWAYS_EMBED_SWIFT_STANDARD_LIBRARIES = YES;
				CODE_SIGN_STYLE = Automatic;
				INFOPLIST_FILE = mediaPlayer2UITests/Info.plist;
				LD_RUNPATH_SEARCH_PATHS = "$(inherited) @executable_path/Frameworks @loader_path/Frameworks";
				PRODUCT_BUNDLE_IDENTIFIER = com.mycompany.myapp.mediaPlayer2UITests;
				PRODUCT_NAME = "$(TARGET_NAME)";
				SWIFT_VERSION = 4.0;
				TARGETED_DEVICE_FAMILY = "1,2";
				TEST_TARGET_NAME = mediaPlayer2;
			};
			name = Release;
		};
/* End XCBuildConfiguration section */

/* Begin XCConfigurationList section */
		68687030203EDC6500C901A1 /* Build configuration list for PBXProject "mediaPlayer2" */ = {
			isa = XCConfigurationList;
			buildConfigurations = (
				6868705B203EDC6500C901A1 /* Debug */,
				6868705C203EDC6500C901A1 /* Release */,
			);
			defaultConfigurationIsVisible = 0;
			defaultConfigurationName = Release;
		};
		6868705D203EDC6500C901A1 /* Build configuration list for PBXNativeTarget "mediaPlayer2" */ = {
			isa = XCConfigurationList;
			buildConfigurations = (
				6868705E203EDC6500C901A1 /* Debug */,
				6868705F203EDC6500C901A1 /* Release */,
			);
			defaultConfigurationIsVisible = 0;
			defaultConfigurationName = Release;
		};
		68687060203EDC6500C901A1 /* Build configuration list for PBXNativeTarget "mediaPlayer2Tests" */ = {
			isa = XCConfigurationList;
			buildConfigurations = (
				68687061203EDC6500C901A1 /* Debug */,
				68687062203EDC6500C901A1 /* Release */,
			);
			defaultConfigurationIsVisible = 0;
			defaultConfigurationName = Release;
		};
		68687063203EDC6500C901A1 /* Build configuration list for PBXNativeTarget "mediaPlayer2UITests" */ = {
			isa = XCConfigurationList;
			buildConfigurations = (
				68687064203EDC6500C901A1 /* Debug */,
				68687065203EDC6500C901A1 /* Release */,
			);
			defaultConfigurationIsVisible = 0;
			defaultConfigurationName = Release;
		};
/* End XCConfigurationList section */
	};
	rootObject = 6868702D203EDC6500C901A1 /* Project object */;
}
